<?xml version="1.0" encoding="utf-8"?>
<Project ToolsVersion="4.0" xmlns="http://schemas.microsoft.com/developer/msbuild/2003">
  <ItemGroup>
    <ClInclude Include="GMData.h">
      <Filter>core\inlcude</Filter>
    </ClInclude>
    <ClInclude Include="GMEventHandler.h">
      <Filter>core\inlcude</Filter>
    </ClInclude>
    <ClInclude Include="GMLib.h">
      <Filter>core\inlcude</Filter>
    </ClInclude>
    <ClInclude Include="GMSprites.h">
      <Filter>core\inlcude</Filter>
    </ClInclude>
    <ClInclude Include="GMTexture.h">
      <Filter>core\inlcude</Filter>
    </ClInclude>
    <ClInclude Include="RESLib.h">
      <Filter>core\inlcude</Filter>
    </ClInclude>
    <ClInclude Include="GMUI.h">
      <Filter>ui\include</Filter>
    </ClInclude>
    <ClInclude Include="GMUIBox.h">
      <Filter>ui\include</Filter>
    </ClInclude>
    <ClInclude Include="GMUIButton.h">
      <Filter>ui\include</Filter>
    </ClInclude>
    <ClInclude Include="GMUICombo.h">
      <Filter>ui\include</Filter>
    </ClInclude>
    <ClInclude Include="GMUILabel.h">
      <Filter>ui\include</Filter>
    </ClInclude>
    <ClInclude Include="GMUIPushButton.h">
      <Filter>ui\include</Filter>
    </ClInclude>
    <ClInclude Include="GMUITextInput.h">
      <Filter>ui\include</Filter>
    </ClInclude>
    <ClInclude Include="GMUITheme.h">
      <Filter>ui\include</Filter>
    </ClInclude>
    <ClInclude Include="GMUtil.h">
      <Filter>ui\include</Filter>
    </ClInclude>
    <ClInclude Include="GMPython.h">
      <Filter>core\inlcude</Filter>
    </ClInclude>
  </ItemGroup>
  <ItemGroup>
    <ClCompile Include="GMUI.cpp">
      <Filter>ui</Filter>
    </ClCompile>
    <ClCompile Include="GMUIBox.cpp">
      <Filter>ui</Filter>
    </ClCompile>
    <ClCompile Include="GMUIButton.cpp">
      <Filter>ui</Filter>
    </ClCompile>
    <ClCompile Include="GMUICombo.cpp">
      <Filter>ui</Filter>
    </ClCompile>
    <ClCompile Include="GMUIControl.cpp">
      <Filter>ui</Filter>
    </ClCompile>
    <ClCompile Include="GMUILabel.cpp">
      <Filter>ui</Filter>
    </ClCompile>
    <ClCompile Include="GMUIPushButton.cpp">
      <Filter>ui</Filter>
    </ClCompile>
    <ClCompile Include="GMUIScrollbar.cpp">
      <Filter>ui</Filter>
    </ClCompile>
    <ClCompile Include="GMUITextInput.cpp">
      <Filter>ui</Filter>
    </ClCompile>
    <ClCompile Include="GMUITextInputKeySyms.cpp">
      <Filter>ui</Filter>
    </ClCompile>
    <ClCompile Include="GMUITheme.cpp">
      <Filter>ui</Filter>
    </ClCompile>
    <ClCompile Include="GMConfig.cpp">
      <Filter>core</Filter>
    </ClCompile>
    <ClCompile Include="GMData.cpp">
      <Filter>core</Filter>
    </ClCompile>
    <ClCompile Include="GMLib.cpp">
      <Filter>core</Filter>
    </ClCompile>
    <ClCompile Include="GMSprites.cpp">
      <Filter>core</Filter>
    </ClCompile>
    <ClCompile Include="GMTexture.cpp">
      <Filter>core</Filter>
    </ClCompile>
    <ClCompile Include="RESLib.cpp">
      <Filter>core</Filter>
    </ClCompile>
    <ClCompile Include="GMUtil.cpp">
      <Filter>core</Filter>
    </ClCompile>
    <ClCompile Include="GMPython.cpp">
      <Filter>core</Filter>
    </ClCompile>
  </ItemGroup>
  <ItemGroup>
    <Filter Include="ui">
      <UniqueIdentifier>{5b24e842-4be1-4e0b-ac87-0069391d9cf1}</UniqueIdentifier>
    </Filter>
    <Filter Include="ui\include">
      <UniqueIdentifier>{76b1bc72-008c-4e9a-9948-bc7c8c7a143e}</UniqueIdentifier>
    </Filter>
    <Filter Include="core">
      <UniqueIdentifier>{c87f119e-6730-4c9f-8db0-17d4ecff8c81}</UniqueIdentifier>
    </Filter>
    <Filter Include="core\inlcude">
      <UniqueIdentifier>{9e8035ef-6f9b-4fe1-a0e7-c37e05a82e92}</UniqueIdentifier>
    </Filter>
  </ItemGroup>
  <ItemGroup>
    <None Include="GMUI_Reference.md">
      <Filter>ui\include</Filter>
    </None>
  </ItemGroup>
</Project>